{
    "_meta": {
        "hash": {
            "sha256": "a1b0c4a8809172bb939e5327319f0440bf5afd40d348e34a56a9d015466315cf"
        },
        "pipfile-spec": 6,
        "requires": {
            "python_version": "3.9"
        },
        "sources": [
            {
                "name": "pypi",
                "url": "https://pypi.org/simple",
                "verify_ssl": true
            }
        ]
    },
    "default": {
        "tenseal": {
            "git": "git+https://github.com/OpenMined/TenSEAL.git#egg=tenseal",
            "ref": "13486592953f82ca60502fd196016f815891e25a"
        },
        "torchseal": {
            "file": "."
        }
    },
    "develop": {}
}
